// !$*UTF8*$!
{
	archiveVersion = 1;
	classes = {
	};
	objectVersion = 56;
	objects = {

/* Begin PBXBuildFile section */
		7F5C2D692B4FB32300E72E94 /* AppDelegate.swift in Sources */ = {isa = PBXBuildFile; fileRef = 7F5C2D682B4FB32300E72E94 /* AppDelegate.swift */; };
		7F5C2D6B2B4FB32300E72E94 /* SceneDelegate.swift in Sources */ = {isa = PBXBuildFile; fileRef = 7F5C2D6A2B4FB32300E72E94 /* SceneDelegate.swift */; };
		7F5C2D6D2B4FB32300E72E94 /* ViewController.swift in Sources */ = {isa = PBXBuildFile; fileRef = 7F5C2D6C2B4FB32300E72E94 /* ViewController.swift */; };
		7F5C2D702B4FB32300E72E94 /* Main.storyboard in Resources */ = {isa = PBXBuildFile; fileRef = 7F5C2D6E2B4FB32300E72E94 /* Main.storyboard */; };
		7F5C2D722B4FB32300E72E94 /* Assets.xcassets in Resources */ = {isa = PBXBuildFile; fileRef = 7F5C2D712B4FB32300E72E94 /* Assets.xcassets */; };
		7F5C2D752B4FB32300E72E94 /* LaunchScreen.storyboard in Resources */ = {isa = PBXBuildFile; fileRef = 7F5C2D732B4FB32300E72E94 /* LaunchScreen.storyboard */; };
		7F5C2D802B4FB32300E72E94 /* HotelBookingTests.swift in Sources */ = {isa = PBXBuildFile; fileRef = 7F5C2D7F2B4FB32300E72E94 /* HotelBookingTests.swift */; };
		7F5C2D8A2B4FB32300E72E94 /* HotelBookingUITests.swift in Sources */ = {isa = PBXBuildFile; fileRef = 7F5C2D892B4FB32300E72E94 /* HotelBookingUITests.swift */; };
		7F5C2D8C2B4FB32300E72E94 /* HotelBookingUITestsLaunchTests.swift in Sources */ = {isa = PBXBuildFile; fileRef = 7F5C2D8B2B4FB32300E72E94 /* HotelBookingUITestsLaunchTests.swift */; };
/* End PBXBuildFile section */

/* Begin PBXContainerItemProxy section */
		7F5C2D7C2B4FB32300E72E94 /* PBXContainerItemProxy */ = {
			isa = PBXContainerItemProxy;
			containerPortal = 7F5C2D5D2B4FB32300E72E94 /* Project object */;
			proxyType = 1;
			remoteGlobalIDString = 7F5C2D642B4FB32300E72E94;
			remoteInfo = HotelBooking;
		};
		7F5C2D862B4FB32300E72E94 /* PBXContainerItemProxy */ = {
			isa = PBXContainerItemProxy;
			containerPortal = 7F5C2D5D2B4FB32300E72E94 /* Project object */;
			proxyType = 1;
			remoteGlobalIDString = 7F5C2D642B4FB32300E72E94;
			remoteInfo = HotelBooking;
		};
/* End PBXContainerItemProxy section */

/* Begin PBXFileReference section */
		7F5C2D652B4FB32300E72E94 /* HotelBooking.app */ = {isa = PBXFileReference; explicitFileType = wrapper.application; includeInIndex = 0; path = HotelBooking.app; sourceTree = BUILT_PRODUCTS_DIR; };
		7F5C2D682B4FB32300E72E94 /* AppDelegate.swift */ = {isa = PBXFileReference; lastKnownFileType = sourcecode.swift; path = AppDelegate.swift; sourceTree = "<group>"; };
		7F5C2D6A2B4FB32300E72E94 /* SceneDelegate.swift */ = {isa = PBXFileReference; lastKnownFileType = sourcecode.swift; path = SceneDelegate.swift; sourceTree = "<group>"; };
		7F5C2D6C2B4FB32300E72E94 /* ViewController.swift */ = {isa = PBXFileReference; lastKnownFileType = sourcecode.swift; path = ViewController.swift; sourceTree = "<group>"; };
		7F5C2D6F2B4FB32300E72E94 /* Base */ = {isa = PBXFileReference; lastKnownFileType = file.storyboard; name = Base; path = Base.lproj/Main.storyboard; sourceTree = "<group>"; };
		7F5C2D712B4FB32300E72E94 /* Assets.xcassets */ = {isa = PBXFileReference; lastKnownFileType = folder.assetcatalog; path = Assets.xcassets; sourceTree = "<group>"; };
		7F5C2D742B4FB32300E72E94 /* Base */ = {isa = PBXFileReference; lastKnownFileType = file.storyboard; name = Base; path = Base.lproj/LaunchScreen.storyboard; sourceTree = "<group>"; };
		7F5C2D762B4FB32300E72E94 /* Info.plist */ = {isa = PBXFileReference; lastKnownFileType = text.plist.xml; path = Info.plist; sourceTree = "<group>"; };
		7F5C2D7B2B4FB32300E72E94 /* HotelBookingTests.xctest */ = {isa = PBXFileReference; explicitFileType = wrapper.cfbundle; includeInIndex = 0; path = HotelBookingTests.xctest; sourceTree = BUILT_PRODUCTS_DIR; };
		7F5C2D7F2B4FB32300E72E94 /* HotelBookingTests.swift */ = {isa = PBXFileReference; lastKnownFileType = sourcecode.swift; path = HotelBookingTests.swift; sourceTree = "<group>"; };
		7F5C2D852B4FB32300E72E94 /* HotelBookingUITests.xctest */ = {isa = PBXFileReference; explicitFileType = wrapper.cfbundle; includeInIndex = 0; path = HotelBookingUITests.xctest; sourceTree = BUILT_PRODUCTS_DIR; };
		7F5C2D892B4FB32300E72E94 /* HotelBookingUITests.swift */ = {isa = PBXFileReference; lastKnownFileType = sourcecode.swift; path = HotelBookingUITests.swift; sourceTree = "<group>"; };
		7F5C2D8B2B4FB32300E72E94 /* HotelBookingUITestsLaunchTests.swift */ = {isa = PBXFileReference; lastKnownFileType = sourcecode.swift; path = HotelBookingUITestsLaunchTests.swift; sourceTree = "<group>"; };
/* End PBXFileReference section */

/* Begin PBXFrameworksBuildPhase section */
		7F5C2D622B4FB32300E72E94 /* Frameworks */ = {
			isa = PBXFrameworksBuildPhase;
			buildActionMask = 2147483647;
			files = (
			);
			runOnlyForDeploymentPostprocessing = 0;
		};
		7F5C2D782B4FB32300E72E94 /* Frameworks */ = {
			isa = PBXFrameworksBuildPhase;
			buildActionMask = 2147483647;
			files = (
			);
			runOnlyForDeploymentPostprocessing = 0;
		};
		7F5C2D822B4FB32300E72E94 /* Frameworks */ = {
			isa = PBXFrameworksBuildPhase;
			buildActionMask = 2147483647;
			files = (
			);
			runOnlyForDeploymentPostprocessing = 0;
		};
/* End PBXFrameworksBuildPhase section */

/* Begin PBXGroup section */
		7F5C2D5C2B4FB32300E72E94 = {
			isa = PBXGroup;
			children = (
				7F5C2D672B4FB32300E72E94 /* HotelBooking */,
				7F5C2D7E2B4FB32300E72E94 /* HotelBookingTests */,
				7F5C2D882B4FB32300E72E94 /* HotelBookingUITests */,
				7F5C2D662B4FB32300E72E94 /* Products */,
			);
			sourceTree = "<group>";
		};
		7F5C2D662B4FB32300E72E94 /* Products */ = {
			isa = PBXGroup;
			children = (
				7F5C2D652B4FB32300E72E94 /* HotelBooking.app */,
				7F5C2D7B2B4FB32300E72E94 /* HotelBookingTests.xctest */,
				7F5C2D852B4FB32300E72E94 /* HotelBookingUITests.xctest */,
			);
			name = Products;
			sourceTree = "<group>";
		};
		7F5C2D672B4FB32300E72E94 /* HotelBooking */ = {
			isa = PBXGroup;
			children = (
				7F5C2D682B4FB32300E72E94 /* AppDelegate.swift */,
				7F5C2D6A2B4FB32300E72E94 /* SceneDelegate.swift */,
				7F5C2D6C2B4FB32300E72E94 /* ViewController.swift */,
				7F5C2D6E2B4FB32300E72E94 /* Main.storyboard */,
				7F5C2D712B4FB32300E72E94 /* Assets.xcassets */,
				7F5C2D732B4FB32300E72E94 /* LaunchScreen.storyboard */,
				7F5C2D762B4FB32300E72E94 /* Info.plist */,
			);
			path = HotelBooking;
			sourceTree = "<group>";
		};
		7F5C2D7E2B4FB32300E72E94 /* HotelBookingTests */ = {
			isa = PBXGroup;
			children = (
				7F5C2D7F2B4FB32300E72E94 /* HotelBookingTests.swift */,
			);
			path = HotelBookingTests;
			sourceTree = "<group>";
		};
		7F5C2D882B4FB32300E72E94 /* HotelBookingUITests */ = {
			isa = PBXGroup;
			children = (
				7F5C2D892B4FB32300E72E94 /* HotelBookingUITests.swift */,
				7F5C2D8B2B4FB32300E72E94 /* HotelBookingUITestsLaunchTests.swift */,
			);
			path = HotelBookingUITests;
			sourceTree = "<group>";
		};
/* End PBXGroup section */

/* Begin PBXNativeTarget section */
		7F5C2D642B4FB32300E72E94 /* HotelBooking */ = {
			isa = PBXNativeTarget;
			buildConfigurationList = 7F5C2D8F2B4FB32300E72E94 /* Build configuration list for PBXNativeTarget "HotelBooking" */;
			buildPhases = (
				7F5C2D612B4FB32300E72E94 /* Sources */,
				7F5C2D622B4FB32300E72E94 /* Frameworks */,
				7F5C2D632B4FB32300E72E94 /* Resources */,
			);
			buildRules = (
			);
			dependencies = (
			);
			name = HotelBooking;
			productName = HotelBooking;
			productReference = 7F5C2D652B4FB32300E72E94 /* HotelBooking.app */;
			productType = "com.apple.product-type.application";
		};
		7F5C2D7A2B4FB32300E72E94 /* HotelBookingTests */ = {
			isa = PBXNativeTarget;
			buildConfigurationList = 7F5C2D922B4FB32300E72E94 /* Build configuration list for PBXNativeTarget "HotelBookingTests" */;
			buildPhases = (
				7F5C2D772B4FB32300E72E94 /* Sources */,
				7F5C2D782B4FB32300E72E94 /* Frameworks */,
				7F5C2D792B4FB32300E72E94 /* Resources */,
			);
			buildRules = (
			);
			dependencies = (
				7F5C2D7D2B4FB32300E72E94 /* PBXTargetDependency */,
			);
			name = HotelBookingTests;
			productName = HotelBookingTests;
			productReference = 7F5C2D7B2B4FB32300E72E94 /* HotelBookingTests.xctest */;
			productType = "com.apple.product-type.bundle.unit-test";
		};
		7F5C2D842B4FB32300E72E94 /* HotelBookingUITests */ = {
			isa = PBXNativeTarget;
			buildConfigurationList = 7F5C2D952B4FB32300E72E94 /* Build configuration list for PBXNativeTarget "HotelBookingUITests" */;
			buildPhases = (
				7F5C2D812B4FB32300E72E94 /* Sources */,
				7F5C2D822B4FB32300E72E94 /* Frameworks */,
				7F5C2D832B4FB32300E72E94 /* Resources */,
			);
			buildRules = (
			);
			dependencies = (
				7F5C2D872B4FB32300E72E94 /* PBXTargetDependency */,
			);
			name = HotelBookingUITests;
			productName = HotelBookingUITests;
			productReference = 7F5C2D852B4FB32300E72E94 /* HotelBookingUITests.xctest */;
			productType = "com.apple.product-type.bundle.ui-testing";
		};
/* End PBXNativeTarget section */

/* Begin PBXProject section */
		7F5C2D5D2B4FB32300E72E94 /* Project object */ = {
			isa = PBXProject;
			attributes = {
				BuildIndependentTargetsInParallel = 1;
				LastSwiftUpdateCheck = 1510;
				LastUpgradeCheck = 1510;
				TargetAttributes = {
					7F5C2D642B4FB32300E72E94 = {
						CreatedOnToolsVersion = 15.1;
					};
					7F5C2D7A2B4FB32300E72E94 = {
						CreatedOnToolsVersion = 15.1;
						TestTargetID = 7F5C2D642B4FB32300E72E94;
					};
					7F5C2D842B4FB32300E72E94 = {
						CreatedOnToolsVersion = 15.1;
						TestTargetID = 7F5C2D642B4FB32300E72E94;
					};
				};
			};
			buildConfigurationList = 7F5C2D602B4FB32300E72E94 /* Build configuration list for PBXProject "HotelBooking" */;
			compatibilityVersion = "Xcode 14.0";
			developmentRegion = en;
			hasScannedForEncodings = 0;
			knownRegions = (
				en,
				Base,
			);
			mainGroup = 7F5C2D5C2B4FB32300E72E94;
			productRefGroup = 7F5C2D662B4FB32300E72E94 /* Products */;
			projectDirPath = "";
			projectRoot = "";
			targets = (
				7F5C2D642B4FB32300E72E94 /* HotelBooking */,
				7F5C2D7A2B4FB32300E72E94 /* HotelBookingTests */,
				7F5C2D842B4FB32300E72E94 /* HotelBookingUITests */,
			);
		};
/* End PBXProject section */

/* Begin PBXResourcesBuildPhase section */
		7F5C2D632B4FB32300E72E94 /* Resources */ = {
			isa = PBXResourcesBuildPhase;
			buildActionMask = 2147483647;
			files = (
				7F5C2D752B4FB32300E72E94 /* LaunchScreen.storyboard in Resources */,
				7F5C2D722B4FB32300E72E94 /* Assets.xcassets in Resources */,
				7F5C2D702B4FB32300E72E94 /* Main.storyboard in Resources */,
			);
			runOnlyForDeploymentPostprocessing = 0;
		};
		7F5C2D792B4FB32300E72E94 /* Resources */ = {
			isa = PBXResourcesBuildPhase;
			buildActionMask = 2147483647;
			files = (
			);
			runOnlyForDeploymentPostprocessing = 0;
		};
		7F5C2D832B4FB32300E72E94 /* Resources */ = {
			isa = PBXResourcesBuildPhase;
			buildActionMask = 2147483647;
			files = (
			);
			runOnlyForDeploymentPostprocessing = 0;
		};
/* End PBXResourcesBuildPhase section */

/* Begin PBXSourcesBuildPhase section */
		7F5C2D612B4FB32300E72E94 /* Sources */ = {
			isa = PBXSourcesBuildPhase;
			buildActionMask = 2147483647;
			files = (
				7F5C2D6D2B4FB32300E72E94 /* ViewController.swift in Sources */,
				7F5C2D692B4FB32300E72E94 /* AppDelegate.swift in Sources */,
				7F5C2D6B2B4FB32300E72E94 /* SceneDelegate.swift in Sources */,
			);
			runOnlyForDeploymentPostprocessing = 0;
		};
		7F5C2D772B4FB32300E72E94 /* Sources */ = {
			isa = PBXSourcesBuildPhase;
			buildActionMask = 2147483647;
			files = (
				7F5C2D802B4FB32300E72E94 /* HotelBookingTests.swift in Sources */,
			);
			runOnlyForDeploymentPostprocessing = 0;
		};
		7F5C2D812B4FB32300E72E94 /* Sources */ = {
			isa = PBXSourcesBuildPhase;
			buildActionMask = 2147483647;
			files = (
				7F5C2D8A2B4FB32300E72E94 /* HotelBookingUITests.swift in Sources */,
				7F5C2D8C2B4FB32300E72E94 /* HotelBookingUITestsLaunchTests.swift in Sources */,
			);
			runOnlyForDeploymentPostprocessing = 0;
		};
/* End PBXSourcesBuildPhase section */

/* Begin PBXTargetDependency section */
		7F5C2D7D2B4FB32300E72E94 /* PBXTargetDependency */ = {
			isa = PBXTargetDependency;
			target = 7F5C2D642B4FB32300E72E94 /* HotelBooking */;
			targetProxy = 7F5C2D7C2B4FB32300E72E94 /* PBXContainerItemProxy */;
		};
		7F5C2D872B4FB32300E72E94 /* PBXTargetDependency */ = {
			isa = PBXTargetDependency;
			target = 7F5C2D642B4FB32300E72E94 /* HotelBooking */;
			targetProxy = 7F5C2D862B4FB32300E72E94 /* PBXContainerItemProxy */;
		};
/* End PBXTargetDependency section */

/* Begin PBXVariantGroup section */
		7F5C2D6E2B4FB32300E72E94 /* Main.storyboard */ = {
			isa = PBXVariantGroup;
			children = (
				7F5C2D6F2B4FB32300E72E94 /* Base */,
			);
			name = Main.storyboard;
			sourceTree = "<group>";
		};
		7F5C2D732B4FB32300E72E94 /* LaunchScreen.storyboard */ = {
			isa = PBXVariantGroup;
			children = (
				7F5C2D742B4FB32300E72E94 /* Base */,
			);
			name = LaunchScreen.storyboard;
			sourceTree = "<group>";
		};
/* End PBXVariantGroup section */

/* Begin XCBuildConfiguration section */
		7F5C2D8D2B4FB32300E72E94 /* Debug */ = {
			isa = XCBuildConfiguration;
			buildSettings = {
				ALWAYS_SEARCH_USER_PATHS = NO;
				ASSETCATALOG_COMPILER_GENERATE_SWIFT_ASSET_SYMBOL_EXTENSIONS = YES;
				CLANG_ANALYZER_NONNULL = YES;
				CLANG_ANALYZER_NUMBER_OBJECT_CONVERSION = YES_AGGRESSIVE;
				CLANG_CXX_LANGUAGE_STANDARD = "gnu++20";
				CLANG_ENABLE_MODULES = YES;
				CLANG_ENABLE_OBJC_ARC = YES;
				CLANG_ENABLE_OBJC_WEAK = YES;
				CLANG_WARN_BLOCK_CAPTURE_AUTORELEASING = YES;
				CLANG_WARN_BOOL_CONVERSION = YES;
				CLANG_WARN_COMMA = YES;
				CLANG_WARN_CONSTANT_CONVERSION = YES;
				CLANG_WARN_DEPRECATED_OBJC_IMPLEMENTATIONS = YES;
				CLANG_WARN_DIRECT_OBJC_ISA_USAGE = YES_ERROR;
				CLANG_WARN_DOCUMENTATION_COMMENTS = YES;
				CLANG_WARN_EMPTY_BODY = YES;
				CLANG_WARN_ENUM_CONVERSION = YES;
				CLANG_WARN_INFINITE_RECURSION = YES;
				CLANG_WARN_INT_CONVERSION = YES;
				CLANG_WARN_NON_LITERAL_NULL_CONVERSION = YES;
				CLANG_WARN_OBJC_IMPLICIT_RETAIN_SELF = YES;
				CLANG_WARN_OBJC_LITERAL_CONVERSION = YES;
				CLANG_WARN_OBJC_ROOT_CLASS = YES_ERROR;
				CLANG_WARN_QUOTED_INCLUDE_IN_FRAMEWORK_HEADER = YES;
				CLANG_WARN_RANGE_LOOP_ANALYSIS = YES;
				CLANG_WARN_STRICT_PROTOTYPES = YES;
				CLANG_WARN_SUSPICIOUS_MOVE = YES;
				CLANG_WARN_UNGUARDED_AVAILABILITY = YES_AGGRESSIVE;
				CLANG_WARN_UNREACHABLE_CODE = YES;
				CLANG_WARN__DUPLICATE_METHOD_MATCH = YES;
				COPY_PHASE_STRIP = NO;
				DEBUG_INFORMATION_FORMAT = dwarf;
				ENABLE_STRICT_OBJC_MSGSEND = YES;
				ENABLE_TESTABILITY = YES;
				ENABLE_USER_SCRIPT_SANDBOXING = YES;
				GCC_C_LANGUAGE_STANDARD = gnu17;
				GCC_DYNAMIC_NO_PIC = NO;
				GCC_NO_COMMON_BLOCKS = YES;
				GCC_OPTIMIZATION_LEVEL = 0;
				GCC_PREPROCESSOR_DEFINITIONS = (
					"DEBUG=1",
					"$(inherited)",
				);
				GCC_WARN_64_TO_32_BIT_CONVERSION = YES;
				GCC_WARN_ABOUT_RETURN_TYPE = YES_ERROR;
				GCC_WARN_UNDECLARED_SELECTOR = YES;
				GCC_WARN_UNINITIALIZED_AUTOS = YES_AGGRESSIVE;
				GCC_WARN_UNUSED_FUNCTION = YES;
				GCC_WARN_UNUSED_VARIABLE = YES;
				IPHONEOS_DEPLOYMENT_TARGET = 17.2;
				LOCALIZATION_PREFERS_STRING_CATALOGS = YES;
				MTL_ENABLE_DEBUG_INFO = INCLUDE_SOURCE;
				MTL_FAST_MATH = YES;
				ONLY_ACTIVE_ARCH = YES;
				SDKROOT = iphoneos;
				SWIFT_ACTIVE_COMPILATION_CONDITIONS = "DEBUG $(inherited)";
				SWIFT_OPTIMIZATION_LEVEL = "-Onone";
			};
			name = Debug;
		};
		7F5C2D8E2B4FB32300E72E94 /* Release */ = {
			isa = XCBuildConfiguration;
			buildSettings = {
				ALWAYS_SEARCH_USER_PATHS = NO;
				ASSETCATALOG_COMPILER_GENERATE_SWIFT_ASSET_SYMBOL_EXTENSIONS = YES;
				CLANG_ANALYZER_NONNULL = YES;
				CLANG_ANALYZER_NUMBER_OBJECT_CONVERSION = YES_AGGRESSIVE;
				CLANG_CXX_LANGUAGE_STANDARD = "gnu++20";
				CLANG_ENABLE_MODULES = YES;
				CLANG_ENABLE_OBJC_ARC = YES;
				CLANG_ENABLE_OBJC_WEAK = YES;
				CLANG_WARN_BLOCK_CAPTURE_AUTORELEASING = YES;
				CLANG_WARN_BOOL_CONVERSION = YES;
				CLANG_WARN_COMMA = YES;
				CLANG_WARN_CONSTANT_CONVERSION = YES;
				CLANG_WARN_DEPRECATED_OBJC_IMPLEMENTATIONS = YES;
				CLANG_WARN_DIRECT_OBJC_ISA_USAGE = YES_ERROR;
				CLANG_WARN_DOCUMENTATION_COMMENTS = YES;
				CLANG_WARN_EMPTY_BODY = YES;
				CLANG_WARN_ENUM_CONVERSION = YES;
				CLANG_WARN_INFINITE_RECURSION = YES;
				CLANG_WARN_INT_CONVERSION = YES;
				CLANG_WARN_NON_LITERAL_NULL_CONVERSION = YES;
				CLANG_WARN_OBJC_IMPLICIT_RETAIN_SELF = YES;
				CLANG_WARN_OBJC_LITERAL_CONVERSION = YES;
				CLANG_WARN_OBJC_ROOT_CLASS = YES_ERROR;
				CLANG_WARN_QUOTED_INCLUDE_IN_FRAMEWORK_HEADER = YES;
				CLANG_WARN_RANGE_LOOP_ANALYSIS = YES;
				CLANG_WARN_STRICT_PROTOTYPES = YES;
				CLANG_WARN_SUSPICIOUS_MOVE = YES;
				CLANG_WARN_UNGUARDED_AVAILABILITY = YES_AGGRESSIVE;
				CLANG_WARN_UNREACHABLE_CODE = YES;
				CLANG_WARN__DUPLICATE_METHOD_MATCH = YES;
				COPY_PHASE_STRIP = NO;
				DEBUG_INFORMATION_FORMAT = "dwarf-with-dsym";
				ENABLE_NS_ASSERTIONS = NO;
				ENABLE_STRICT_OBJC_MSGSEND = YES;
				ENABLE_USER_SCRIPT_SANDBOXING = YES;
				GCC_C_LANGUAGE_STANDARD = gnu17;
				GCC_NO_COMMON_BLOCKS = YES;
				GCC_WARN_64_TO_32_BIT_CONVERSION = YES;
				GCC_WARN_ABOUT_RETURN_TYPE = YES_ERROR;
				GCC_WARN_UNDECLARED_SELECTOR = YES;
				GCC_WARN_UNINITIALIZED_AUTOS = YES_AGGRESSIVE;
				GCC_WARN_UNUSED_FUNCTION = YES;
				GCC_WARN_UNUSED_VARIABLE = YES;
				IPHONEOS_DEPLOYMENT_TARGET = 17.2;
				LOCALIZATION_PREFERS_STRING_CATALOGS = YES;
				MTL_ENABLE_DEBUG_INFO = NO;
				MTL_FAST_MATH = YES;
				SDKROOT = iphoneos;
				SWIFT_COMPILATION_MODE = wholemodule;
				VALIDATE_PRODUCT = YES;
			};
			name = Release;
		};
		7F5C2D902B4FB32300E72E94 /* Debug */ = {
			isa = XCBuildConfiguration;
			buildSettings = {
				ASSETCATALOG_COMPILER_APPICON_NAME = AppIcon;
				ASSETCATALOG_COMPILER_GLOBAL_ACCENT_COLOR_NAME = AccentColor;
				CODE_SIGN_STYLE = Automatic;
				CURRENT_PROJECT_VERSION = 1;
				GENERATE_INFOPLIST_FILE = YES;
				INFOPLIST_FILE = HotelBooking/Info.plist;
				INFOPLIST_KEY_UIApplicationSupportsIndirectInputEvents = YES;
				INFOPLIST_KEY_UILaunchStoryboardName = LaunchScreen;
				INFOPLIST_KEY_UIMainStoryboardFile = Main;
				INFOPLIST_KEY_UISupportedInterfaceOrientations_iPad = "UIInterfaceOrientationPortrait UIInterfaceOrientationPortraitUpsideDown UIInterfaceOrientationLandscapeLeft UIInterfaceOrientationLandscapeRight";
				INFOPLIST_KEY_UISupportedInterfaceOrientations_iPhone = "UIInterfaceOrientationPortrait UIInterfaceOrientationLandscapeLeft UIInterfaceOrientationLandscapeRight";
				LD_RUNPATH_SEARCH_PATHS = (
					"$(inherited)",
					"@executable_path/Frameworks",
				);
				MARKETING_VERSION = 1.0;
				PRODUCT_BUNDLE_IDENTIFIER = stackview.HotelBooking;
				PRODUCT_NAME = "$(TARGET_NAME)";
				SWIFT_EMIT_LOC_STRINGS = YES;
				SWIFT_VERSION = 5.0;
				TARGETED_DEVICE_FAMILY = "1,2";
			};
			name = Debug;
		};
		7F5C2D912B4FB32300E72E94 /* Release */ = {
			isa = XCBuildConfiguration;
			buildSettings = {
				ASSETCATALOG_COMPILER_APPICON_NAME = AppIcon;
				ASSETCATALOG_COMPILER_GLOBAL_ACCENT_COLOR_NAME = AccentColor;
				CODE_SIGN_STYLE = Automatic;
				CURRENT_PROJECT_VERSION = 1;
				GENERATE_INFOPLIST_FILE = YES;
				INFOPLIST_FILE = HotelBooking/Info.plist;
				INFOPLIST_KEY_UIApplicationSupportsIndirectInputEvents = YES;
				INFOPLIST_KEY_UILaunchStoryboardName = LaunchScreen;
				INFOPLIST_KEY_UIMainStoryboardFile = Main;
				INFOPLIST_KEY_UISupportedInterfaceOrientations_iPad = "UIInterfaceOrientationPortrait UIInterfaceOrientationPortraitUpsideDown UIInterfaceOrientationLandscapeLeft UIInterfaceOrientationLandscapeRight";
				INFOPLIST_KEY_UISupportedInterfaceOrientations_iPhone = "UIInterfaceOrientationPortrait UIInterfaceOrientationLandscapeLeft UIInterfaceOrientationLandscapeRight";
				LD_RUNPATH_SEARCH_PATHS = (
					"$(inherited)",
					"@executable_path/Frameworks",
				);
				MARKETING_VERSION = 1.0;
				PRODUCT_BUNDLE_IDENTIFIER = stackview.HotelBooking;
				PRODUCT_NAME = "$(TARGET_NAME)";
				SWIFT_EMIT_LOC_STRINGS = YES;
				SWIFT_VERSION = 5.0;
				TARGETED_DEVICE_FAMILY = "1,2";
			};
			name = Release;
		};
		7F5C2D932B4FB32300E72E94 /* Debug */ = {
			isa = XCBuildConfiguration;
			buildSettings = {
				ALWAYS_EMBED_SWIFT_STANDARD_LIBRARIES = YES;
				BUNDLE_LOADER = "$(TEST_HOST)";
				CODE_SIGN_STYLE = Automatic;
				CURRENT_PROJECT_VERSION = 1;
				GENERATE_INFOPLIST_FILE = YES;
				IPHONEOS_DEPLOYMENT_TARGET = 17.2;
				MARKETING_VERSION = 1.0;
				PRODUCT_BUNDLE_IDENTIFIER = stackview.HotelBookingTests;
				PRODUCT_NAME = "$(TARGET_NAME)";
				SWIFT_EMIT_LOC_STRINGS = NO;
				SWIFT_VERSION = 5.0;
				TARGETED_DEVICE_FAMILY = "1,2";
				TEST_HOST = "$(BUILT_PRODUCTS_DIR)/HotelBooking.app/$(BUNDLE_EXECUTABLE_FOLDER_PATH)/HotelBooking";
			};
			name = Debug;
		};
		7F5C2D942B4FB32300E72E94 /* Release */ = {
			isa = XCBuildConfiguration;
			buildSettings = {
				ALWAYS_EMBED_SWIFT_STANDARD_LIBRARIES = YES;
				BUNDLE_LOADER = "$(TEST_HOST)";
				CODE_SIGN_STYLE = Automatic;
				CURRENT_PROJECT_VERSION = 1;
				GENERATE_INFOPLIST_FILE = YES;
				IPHONEOS_DEPLOYMENT_TARGET = 17.2;
				MARKETING_VERSION = 1.0;
				PRODUCT_BUNDLE_IDENTIFIER = stackview.HotelBookingTests;
				PRODUCT_NAME = "$(TARGET_NAME)";
				SWIFT_EMIT_LOC_STRINGS = NO;
				SWIFT_VERSION = 5.0;
				TARGETED_DEVICE_FAMILY = "1,2";
				TEST_HOST = "$(BUILT_PRODUCTS_DIR)/HotelBooking.app/$(BUNDLE_EXECUTABLE_FOLDER_PATH)/HotelBooking";
			};
			name = Release;
		};
		7F5C2D962B4FB32300E72E94 /* Debug */ = {
			isa = XCBuildConfiguration;
			buildSettings = {
				ALWAYS_EMBED_SWIFT_STANDARD_LIBRARIES = YES;
				CODE_SIGN_STYLE = Automatic;
				CURRENT_PROJECT_VERSION = 1;
				GENERATE_INFOPLIST_FILE = YES;
				MARKETING_VERSION = 1.0;
				PRODUCT_BUNDLE_IDENTIFIER = stackview.HotelBookingUITests;
				PRODUCT_NAME = "$(TARGET_NAME)";
				SWIFT_EMIT_LOC_STRINGS = NO;
				SWIFT_VERSION = 5.0;
				TARGETED_DEVICE_FAMILY = "1,2";
				TEST_TARGET_NAME = HotelBooking;
			};
			name = Debug;
		};
		7F5C2D972B4FB32300E72E94 /* Release */ = {
			isa = XCBuildConfiguration;
			buildSettings = {
				ALWAYS_EMBED_SWIFT_STANDARD_LIBRARIES = YES;
				CODE_SIGN_STYLE = Automatic;
				CURRENT_PROJECT_VERSION = 1;
				GENERATE_INFOPLIST_FILE = YES;
				MARKETING_VERSION = 1.0;
				PRODUCT_BUNDLE_IDENTIFIER = stackview.HotelBookingUITests;
				PRODUCT_NAME = "$(TARGET_NAME)";
				SWIFT_EMIT_LOC_STRINGS = NO;
				SWIFT_VERSION = 5.0;
				TARGETED_DEVICE_FAMILY = "1,2";
				TEST_TARGET_NAME = HotelBooking;
			};
			name = Release;
		};
/* End XCBuildConfiguration section */

/* Begin XCConfigurationList section */
		7F5C2D602B4FB32300E72E94 /* Build configuration list for PBXProject "HotelBooking" */ = {
			isa = XCConfigurationList;
			buildConfigurations = (
				7F5C2D8D2B4FB32300E72E94 /* Debug */,
				7F5C2D8E2B4FB32300E72E94 /* Release */,
			);
			defaultConfigurationIsVisible = 0;
			defaultConfigurationName = Release;
		};
		7F5C2D8F2B4FB32300E72E94 /* Build configuration list for PBXNativeTarget "HotelBooking" */ = {
			isa = XCConfigurationList;
			buildConfigurations = (
				7F5C2D902B4FB32300E72E94 /* Debug */,
				7F5C2D912B4FB32300E72E94 /* Release */,
			);
			defaultConfigurationIsVisible = 0;
			defaultConfigurationName = Release;
		};
		7F5C2D922B4FB32300E72E94 /* Build configuration list for PBXNativeTarget "HotelBookingTests" */ = {
			isa = XCConfigurationList;
			buildConfigurations = (
				7F5C2D932B4FB32300E72E94 /* Debug */,
				7F5C2D942B4FB32300E72E94 /* Release */,
			);
			defaultConfigurationIsVisible = 0;
			defaultConfigurationName = Release;
		};
		7F5C2D952B4FB32300E72E94 /* Build configuration list for PBXNativeTarget "HotelBookingUITests" */ = {
			isa = XCConfigurationList;
			buildConfigurations = (
				7F5C2D962B4FB32300E72E94 /* Debug */,
				7F5C2D972B4FB32300E72E94 /* Release */,
			);
			defaultConfigurationIsVisible = 0;
			defaultConfigurationName = Release;
		};
/* End XCConfigurationList section */
	};
	rootObject = 7F5C2D5D2B4FB32300E72E94 /* Project object */;
}
